
Microsoft Visual Studio Solution File, Format Version 12.00
# Visual Studio Version 16
VisualStudioVersion = 16.0.33130.400
MinimumVisualStudioVersion = 10.0.40219.1
Project("{9A19103F-16F7-4668-BE54-9A1E7A4F7556}") = "main", "main.csproj", "{55DC7EBF-8E95-47D8-BB87-09107C7FBCE8}"
EndProject
Global
	GlobalSection(SolutionConfigurationPlatforms) = preSolution
		Debug|Any CPU = Debug|Any CPU
		Release|Any CPU = Release|Any CPU
	EndGlobalSection
	GlobalSection(ProjectConfigurationPlatforms) = postSolution
		{55DC7EBF-8E95-47D8-BB87-09107C7FBCE8}.Debug|Any CPU.ActiveCfg = Debug|Any CPU
		{55DC7EBF-8E95-47D8-BB87-09107C7FBCE8}.Debug|Any CPU.Build.0 = Debug|Any CPU
		{55DC7EBF-8E95-47D8-BB87-09107C7FBCE8}.Release|Any CPU.ActiveCfg = Release|Any CPU
		{55DC7EBF-8E95-47D8-BB87-09107C7FBCE8}.Release|Any CPU.Build.0 = Release|Any CPU
	EndGlobalSection
	GlobalSection(SolutionProperties) = preSolution
		HideSolutionNode = FALSE
	EndGlobalSection
	GlobalSection(ExtensibilityGlobals) = postSolution
		SolutionGuid = {2DD18FD2-7888-4FC1-A7B0-1C2AD9EC78A6}
	EndGlobalSection
EndGlobal
